PODS:
  - CocoaLumberjack (3.2.0):
    - CocoaLumberjack/Default (= 3.2.0)
    - CocoaLumberjack/Extensions (= 3.2.0)
  - CocoaLumberjack/Default (3.2.0)
  - CocoaLumberjack/Extensions (3.2.0):
    - CocoaLumberjack/Default

DEPENDENCIES:
  - CocoaLumberjack (= 3.2.0)

SPEC CHECKSUMS:
  CocoaLumberjack: 9b4aed7073d242f29cc2f62068d995faf67f703a

PODFILE CHECKSUM: 350c8b09c259f56e1793fa35635166c63dd93a45

COCOAPODS: 1.2.1.beta.1
